
Microsoft Visual Studio Solution File, Format Version 12.00
# Visual Studio Version 16
VisualStudioVersion = 16.0.29911.84
MinimumVisualStudioVersion = 10.0.40219.1
Project("{FAE04EC0-301F-11D3-BF4B-00C04F79EFBC}") = "FDSApplication", "FDSApplication\FDSApplication.csproj", "{B8834F8A-AD94-4538-8833-15DC7D8DE19C}"
EndProject
Global
	GlobalSection(SolutionConfigurationPlatforms) = preSolution
		Debug|Any CPU = Debug|Any CPU
		Release|Any CPU = Release|Any CPU
	EndGlobalSection
	GlobalSection(ProjectConfigurationPlatforms) = postSolution
		{B8834F8A-AD94-4538-8833-15DC7D8DE19C}.Debug|Any CPU.ActiveCfg = Debug|Any CPU
		{B8834F8A-AD94-4538-8833-15DC7D8DE19C}.Debug|Any CPU.Build.0 = Debug|Any CPU
		{B8834F8A-AD94-4538-8833-15DC7D8DE19C}.Release|Any CPU.ActiveCfg = Release|Any CPU
		{B8834F8A-AD94-4538-8833-15DC7D8DE19C}.Release|Any CPU.Build.0 = Release|Any CPU
	EndGlobalSection
	GlobalSection(SolutionProperties) = preSolution
		HideSolutionNode = FALSE
	EndGlobalSection
	GlobalSection(ExtensibilityGlobals) = postSolution
		SolutionGuid = {1A520395-F83C-4DA3-B6F9-58557E4734FB}
	EndGlobalSection
EndGlobal
